
Microsoft Visual Studio Solution File, Format Version 12.00
# Visual Studio Version 17
VisualStudioVersion = 17.0.31903.59
MinimumVisualStudioVersion = 10.0.40219.1
Project("{FAE04EC0-301F-11D3-BF4B-00C04F79EFBC}") = "Clausuras", "Clausuras\Clausuras.csproj", "{82E4374A-4927-4ED4-8978-80AE51DB1288}"
EndProject
Project("{FAE04EC0-301F-11D3-BF4B-00C04F79EFBC}") = "TestFor", "TestFor\TestFor.csproj", "{C40FFF32-A826-4D4A-A541-1653F875AFAB}"
EndProject
Project("{FAE04EC0-301F-11D3-BF4B-00C04F79EFBC}") = "Memoization", "Memoization\Memoization.csproj", "{C6AC2109-93B6-47E5-A877-235A06C635E4}"
EndProject
Global
	GlobalSection(SolutionConfigurationPlatforms) = preSolution
		Debug|Any CPU = Debug|Any CPU
		Release|Any CPU = Release|Any CPU
	EndGlobalSection
	GlobalSection(SolutionProperties) = preSolution
		HideSolutionNode = FALSE
	EndGlobalSection
	GlobalSection(ProjectConfigurationPlatforms) = postSolution
		{82E4374A-4927-4ED4-8978-80AE51DB1288}.Debug|Any CPU.ActiveCfg = Debug|Any CPU
		{82E4374A-4927-4ED4-8978-80AE51DB1288}.Debug|Any CPU.Build.0 = Debug|Any CPU
		{82E4374A-4927-4ED4-8978-80AE51DB1288}.Release|Any CPU.ActiveCfg = Release|Any CPU
		{82E4374A-4927-4ED4-8978-80AE51DB1288}.Release|Any CPU.Build.0 = Release|Any CPU
		{C40FFF32-A826-4D4A-A541-1653F875AFAB}.Debug|Any CPU.ActiveCfg = Debug|Any CPU
		{C40FFF32-A826-4D4A-A541-1653F875AFAB}.Debug|Any CPU.Build.0 = Debug|Any CPU
		{C40FFF32-A826-4D4A-A541-1653F875AFAB}.Release|Any CPU.ActiveCfg = Release|Any CPU
		{C40FFF32-A826-4D4A-A541-1653F875AFAB}.Release|Any CPU.Build.0 = Release|Any CPU
		{C6AC2109-93B6-47E5-A877-235A06C635E4}.Debug|Any CPU.ActiveCfg = Debug|Any CPU
		{C6AC2109-93B6-47E5-A877-235A06C635E4}.Debug|Any CPU.Build.0 = Debug|Any CPU
		{C6AC2109-93B6-47E5-A877-235A06C635E4}.Release|Any CPU.ActiveCfg = Release|Any CPU
		{C6AC2109-93B6-47E5-A877-235A06C635E4}.Release|Any CPU.Build.0 = Release|Any CPU
	EndGlobalSection
EndGlobal
