
Microsoft Visual Studio Solution File, Format Version 12.00
# Visual Studio Version 17
VisualStudioVersion = 17.0.31903.59
MinimumVisualStudioVersion = 10.0.40219.1
Project("{FAE04EC0-301F-11D3-BF4B-00C04F79EFBC}") = "LinkedList", "LinkedList\LinkedList.csproj", "{9336C680-6736-4C39-ABAB-A98CF0F7736F}"
EndProject
Project("{FAE04EC0-301F-11D3-BF4B-00C04F79EFBC}") = "SortedList", "SortedList\SortedList.csproj", "{844B9398-8E2B-4FC8-A758-0423647CD134}"
EndProject
Project("{FAE04EC0-301F-11D3-BF4B-00C04F79EFBC}") = "TestSorted", "TestSorted\TestSorted.csproj", "{9AFB970B-80A9-423F-A24C-AB9E80C3390C}"
EndProject
Global
	GlobalSection(SolutionConfigurationPlatforms) = preSolution
		Debug|Any CPU = Debug|Any CPU
		Release|Any CPU = Release|Any CPU
	EndGlobalSection
	GlobalSection(SolutionProperties) = preSolution
		HideSolutionNode = FALSE
	EndGlobalSection
	GlobalSection(ProjectConfigurationPlatforms) = postSolution
		{9336C680-6736-4C39-ABAB-A98CF0F7736F}.Debug|Any CPU.ActiveCfg = Debug|Any CPU
		{9336C680-6736-4C39-ABAB-A98CF0F7736F}.Debug|Any CPU.Build.0 = Debug|Any CPU
		{9336C680-6736-4C39-ABAB-A98CF0F7736F}.Release|Any CPU.ActiveCfg = Release|Any CPU
		{9336C680-6736-4C39-ABAB-A98CF0F7736F}.Release|Any CPU.Build.0 = Release|Any CPU
		{844B9398-8E2B-4FC8-A758-0423647CD134}.Debug|Any CPU.ActiveCfg = Debug|Any CPU
		{844B9398-8E2B-4FC8-A758-0423647CD134}.Debug|Any CPU.Build.0 = Debug|Any CPU
		{844B9398-8E2B-4FC8-A758-0423647CD134}.Release|Any CPU.ActiveCfg = Release|Any CPU
		{844B9398-8E2B-4FC8-A758-0423647CD134}.Release|Any CPU.Build.0 = Release|Any CPU
		{9AFB970B-80A9-423F-A24C-AB9E80C3390C}.Debug|Any CPU.ActiveCfg = Debug|Any CPU
		{9AFB970B-80A9-423F-A24C-AB9E80C3390C}.Debug|Any CPU.Build.0 = Debug|Any CPU
		{9AFB970B-80A9-423F-A24C-AB9E80C3390C}.Release|Any CPU.ActiveCfg = Release|Any CPU
		{9AFB970B-80A9-423F-A24C-AB9E80C3390C}.Release|Any CPU.Build.0 = Release|Any CPU
	EndGlobalSection
EndGlobal
